
Microsoft Visual Studio Solution File, Format Version 12.00
# Visual Studio Version 17
VisualStudioVersion = 17.8.34511.84
MinimumVisualStudioVersion = 10.0.40219.1
Project("{FAE04EC0-301F-11D3-BF4B-00C04F79EFBC}") = "Praca_z_oknem", "Praca_z_oknem\Praca_z_oknem.csproj", "{21805497-44F3-4AA2-B99E-80448BC9347E}"
EndProject
Global
	GlobalSection(SolutionConfigurationPlatforms) = preSolution
		Debug|Any CPU = Debug|Any CPU
		Release|Any CPU = Release|Any CPU
	EndGlobalSection
	GlobalSection(ProjectConfigurationPlatforms) = postSolution
		{21805497-44F3-4AA2-B99E-80448BC9347E}.Debug|Any CPU.ActiveCfg = Debug|Any CPU
		{21805497-44F3-4AA2-B99E-80448BC9347E}.Debug|Any CPU.Build.0 = Debug|Any CPU
		{21805497-44F3-4AA2-B99E-80448BC9347E}.Release|Any CPU.ActiveCfg = Release|Any CPU
		{21805497-44F3-4AA2-B99E-80448BC9347E}.Release|Any CPU.Build.0 = Release|Any CPU
	EndGlobalSection
	GlobalSection(SolutionProperties) = preSolution
		HideSolutionNode = FALSE
	EndGlobalSection
	GlobalSection(ExtensibilityGlobals) = postSolution
		SolutionGuid = {69BF13E5-1047-4AD0-A30F-BBD1CC7D9558}
	EndGlobalSection
EndGlobal
